# THIS IS AN AUTOGENERATED FILE. DO NOT EDIT THIS FILE DIRECTLY.
# yarn lockfile v1


"colors@^1.4.0":
  "integrity" "sha512-a+UqTh4kgZg/SlGvfbzDHpgRu7AAQOmmqRHJnxhRZICKFUT91brVhNNt58CMWU9PsBbv3PDCZUHbVxuDiH2mtA=="
  "resolved" "https://registry.npmmirror.com/colors/-/colors-1.4.0.tgz"
  "version" "1.4.0"

"markdown-it-mathjax@^2.0.0":
  "integrity" "sha512-Fafv7TnMENccWYTNjMZzV4BzONPxpK9Mknr1iMEK6m7PI5a5UTCOFctPzx7Nhv81fFzYEY8WHDkSu9n43fTV9g=="
  "resolved" "https://registry.npmmirror.com/markdown-it-mathjax/-/markdown-it-mathjax-2.0.0.tgz"
  "version" "2.0.0"
